// !$*UTF8*$!
{
	archiveVersion = 1;
	classes = {
	};
	objectVersion = 56;
	objects = {

/* Begin PBXBuildFile section */
		776A79632A7A460F001F268B /* TermsList.swift in Sources */ = {isa = PBXBuildFile; fileRef = 776A79622A7A460F001F268B /* TermsList.swift */; };
		776A79652A7A516F001F268B /* abbreviation.json in Resources */ = {isa = PBXBuildFile; fileRef = 776A79642A7A516F001F268B /* abbreviation.json */; };
		776A79672A7A5344001F268B /* AbbreviationModel.swift in Sources */ = {isa = PBXBuildFile; fileRef = 776A79662A7A5344001F268B /* AbbreviationModel.swift */; };
		778B07332A723F3100A96821 /* MilDictApp.swift in Sources */ = {isa = PBXBuildFile; fileRef = 778B07322A723F3100A96821 /* MilDictApp.swift */; };
		778B07352A723F3100A96821 /* ContentView.swift in Sources */ = {isa = PBXBuildFile; fileRef = 778B07342A723F3100A96821 /* ContentView.swift */; };
		778B07372A723F3200A96821 /* Assets.xcassets in Resources */ = {isa = PBXBuildFile; fileRef = 778B07362A723F3200A96821 /* Assets.xcassets */; };
		778B073A2A723F3200A96821 /* Preview Assets.xcassets in Resources */ = {isa = PBXBuildFile; fileRef = 778B07392A723F3200A96821 /* Preview Assets.xcassets */; };
		778B07442A723F3200A96821 /* MilDictTests.swift in Sources */ = {isa = PBXBuildFile; fileRef = 778B07432A723F3200A96821 /* MilDictTests.swift */; };
		778B074E2A723F3200A96821 /* MilDictUITests.swift in Sources */ = {isa = PBXBuildFile; fileRef = 778B074D2A723F3200A96821 /* MilDictUITests.swift */; };
		778B07502A723F3200A96821 /* MilDictUITestsLaunchTests.swift in Sources */ = {isa = PBXBuildFile; fileRef = 778B074F2A723F3200A96821 /* MilDictUITestsLaunchTests.swift */; };
		77AA0A222A77A219006D3946 /* terms.json in Resources */ = {isa = PBXBuildFile; fileRef = 77AA0A212A77A219006D3946 /* terms.json */; };
		77AA0A252A77A2CB006D3946 /* TermsModel.swift in Sources */ = {isa = PBXBuildFile; fileRef = 77AA0A242A77A2CB006D3946 /* TermsModel.swift */; };
		77AA0A272A77A3CC006D3946 /* ReadWords.swift in Sources */ = {isa = PBXBuildFile; fileRef = 77AA0A262A77A3CC006D3946 /* ReadWords.swift */; };
		77AA0A2A2A77D5D0006D3946 /* extensions.swift in Sources */ = {isa = PBXBuildFile; fileRef = 77AA0A292A77D5D0006D3946 /* extensions.swift */; };
		77AA0A2C2A793298006D3946 /* TermDetailView.swift in Sources */ = {isa = PBXBuildFile; fileRef = 77AA0A2B2A793298006D3946 /* TermDetailView.swift */; };
		77AA0A302A7A38B6006D3946 /* TermView.swift in Sources */ = {isa = PBXBuildFile; fileRef = 77AA0A2F2A7A38B6006D3946 /* TermView.swift */; };
		77AA0A322A7A3ACF006D3946 /* TerminologyTabView.swift in Sources */ = {isa = PBXBuildFile; fileRef = 77AA0A312A7A3ACF006D3946 /* TerminologyTabView.swift */; };
		77AA0A342A7A3B9D006D3946 /* AbbreviationTabView.swift in Sources */ = {isa = PBXBuildFile; fileRef = 77AA0A332A7A3B9D006D3946 /* AbbreviationTabView.swift */; };
/* End PBXBuildFile section */

/* Begin PBXContainerItemProxy section */
		778B07402A723F3200A96821 /* PBXContainerItemProxy */ = {
			isa = PBXContainerItemProxy;
			containerPortal = 778B07272A723F3100A96821 /* Project object */;
			proxyType = 1;
			remoteGlobalIDString = 778B072E2A723F3100A96821;
			remoteInfo = MilDict;
		};
		778B074A2A723F3200A96821 /* PBXContainerItemProxy */ = {
			isa = PBXContainerItemProxy;
			containerPortal = 778B07272A723F3100A96821 /* Project object */;
			proxyType = 1;
			remoteGlobalIDString = 778B072E2A723F3100A96821;
			remoteInfo = MilDict;
		};
/* End PBXContainerItemProxy section */

/* Begin PBXFileReference section */
		776A79622A7A460F001F268B /* TermsList.swift */ = {isa = PBXFileReference; lastKnownFileType = sourcecode.swift; path = TermsList.swift; sourceTree = "<group>"; };
		776A79642A7A516F001F268B /* abbreviation.json */ = {isa = PBXFileReference; fileEncoding = 4; lastKnownFileType = text.json; path = abbreviation.json; sourceTree = "<group>"; };
		776A79662A7A5344001F268B /* AbbreviationModel.swift */ = {isa = PBXFileReference; lastKnownFileType = sourcecode.swift; path = AbbreviationModel.swift; sourceTree = "<group>"; };
		778B072F2A723F3100A96821 /* MilDict.app */ = {isa = PBXFileReference; explicitFileType = wrapper.application; includeInIndex = 0; path = MilDict.app; sourceTree = BUILT_PRODUCTS_DIR; };
		778B07322A723F3100A96821 /* MilDictApp.swift */ = {isa = PBXFileReference; lastKnownFileType = sourcecode.swift; path = MilDictApp.swift; sourceTree = "<group>"; };
		778B07342A723F3100A96821 /* ContentView.swift */ = {isa = PBXFileReference; lastKnownFileType = sourcecode.swift; path = ContentView.swift; sourceTree = "<group>"; };
		778B07362A723F3200A96821 /* Assets.xcassets */ = {isa = PBXFileReference; lastKnownFileType = folder.assetcatalog; path = Assets.xcassets; sourceTree = "<group>"; };
		778B07392A723F3200A96821 /* Preview Assets.xcassets */ = {isa = PBXFileReference; lastKnownFileType = folder.assetcatalog; path = "Preview Assets.xcassets"; sourceTree = "<group>"; };
		778B073F2A723F3200A96821 /* MilDictTests.xctest */ = {isa = PBXFileReference; explicitFileType = wrapper.cfbundle; includeInIndex = 0; path = MilDictTests.xctest; sourceTree = BUILT_PRODUCTS_DIR; };
		778B07432A723F3200A96821 /* MilDictTests.swift */ = {isa = PBXFileReference; lastKnownFileType = sourcecode.swift; path = MilDictTests.swift; sourceTree = "<group>"; };
		778B07492A723F3200A96821 /* MilDictUITests.xctest */ = {isa = PBXFileReference; explicitFileType = wrapper.cfbundle; includeInIndex = 0; path = MilDictUITests.xctest; sourceTree = BUILT_PRODUCTS_DIR; };
		778B074D2A723F3200A96821 /* MilDictUITests.swift */ = {isa = PBXFileReference; lastKnownFileType = sourcecode.swift; path = MilDictUITests.swift; sourceTree = "<group>"; };
		778B074F2A723F3200A96821 /* MilDictUITestsLaunchTests.swift */ = {isa = PBXFileReference; lastKnownFileType = sourcecode.swift; path = MilDictUITestsLaunchTests.swift; sourceTree = "<group>"; };
		77AA0A212A77A219006D3946 /* terms.json */ = {isa = PBXFileReference; fileEncoding = 4; lastKnownFileType = text.json; path = terms.json; sourceTree = "<group>"; };
		77AA0A242A77A2CB006D3946 /* TermsModel.swift */ = {isa = PBXFileReference; lastKnownFileType = sourcecode.swift; path = TermsModel.swift; sourceTree = "<group>"; };
		77AA0A262A77A3CC006D3946 /* ReadWords.swift */ = {isa = PBXFileReference; lastKnownFileType = sourcecode.swift; path = ReadWords.swift; sourceTree = "<group>"; };
		77AA0A292A77D5D0006D3946 /* extensions.swift */ = {isa = PBXFileReference; lastKnownFileType = sourcecode.swift; path = extensions.swift; sourceTree = "<group>"; };
		77AA0A2B2A793298006D3946 /* TermDetailView.swift */ = {isa = PBXFileReference; lastKnownFileType = sourcecode.swift; path = TermDetailView.swift; sourceTree = "<group>"; };
		77AA0A2F2A7A38B6006D3946 /* TermView.swift */ = {isa = PBXFileReference; lastKnownFileType = sourcecode.swift; path = TermView.swift; sourceTree = "<group>"; };
		77AA0A312A7A3ACF006D3946 /* TerminologyTabView.swift */ = {isa = PBXFileReference; lastKnownFileType = sourcecode.swift; path = TerminologyTabView.swift; sourceTree = "<group>"; };
		77AA0A332A7A3B9D006D3946 /* AbbreviationTabView.swift */ = {isa = PBXFileReference; lastKnownFileType = sourcecode.swift; path = AbbreviationTabView.swift; sourceTree = "<group>"; };
/* End PBXFileReference section */

/* Begin PBXFrameworksBuildPhase section */
		778B072C2A723F3100A96821 /* Frameworks */ = {
			isa = PBXFrameworksBuildPhase;
			buildActionMask = 2147483647;
			files = (
			);
			runOnlyForDeploymentPostprocessing = 0;
		};
		778B073C2A723F3200A96821 /* Frameworks */ = {
			isa = PBXFrameworksBuildPhase;
			buildActionMask = 2147483647;
			files = (
			);
			runOnlyForDeploymentPostprocessing = 0;
		};
		778B07462A723F3200A96821 /* Frameworks */ = {
			isa = PBXFrameworksBuildPhase;
			buildActionMask = 2147483647;
			files = (
			);
			runOnlyForDeploymentPostprocessing = 0;
		};
/* End PBXFrameworksBuildPhase section */

/* Begin PBXGroup section */
		778B07262A723F3100A96821 = {
			isa = PBXGroup;
			children = (
				77AA0A2E2A7A382E006D3946 /* Views */,
				77AA0A282A77D5A4006D3946 /* Helpers */,
				77AA0A232A77A29F006D3946 /* Model */,
				77AA0A202A77A20A006D3946 /* Data */,
				778B07312A723F3100A96821 /* MilDict */,
				778B07422A723F3200A96821 /* MilDictTests */,
				778B074C2A723F3200A96821 /* MilDictUITests */,
				778B07302A723F3100A96821 /* Products */,
			);
			sourceTree = "<group>";
		};
		778B07302A723F3100A96821 /* Products */ = {
			isa = PBXGroup;
			children = (
				778B072F2A723F3100A96821 /* MilDict.app */,
				778B073F2A723F3200A96821 /* MilDictTests.xctest */,
				778B07492A723F3200A96821 /* MilDictUITests.xctest */,
			);
			name = Products;
			sourceTree = "<group>";
		};
		778B07312A723F3100A96821 /* MilDict */ = {
			isa = PBXGroup;
			children = (
				778B07322A723F3100A96821 /* MilDictApp.swift */,
				778B07362A723F3200A96821 /* Assets.xcassets */,
				778B07382A723F3200A96821 /* Preview Content */,
			);
			path = MilDict;
			sourceTree = "<group>";
		};
		778B07382A723F3200A96821 /* Preview Content */ = {
			isa = PBXGroup;
			children = (
				778B07392A723F3200A96821 /* Preview Assets.xcassets */,
			);
			path = "Preview Content";
			sourceTree = "<group>";
		};
		778B07422A723F3200A96821 /* MilDictTests */ = {
			isa = PBXGroup;
			children = (
				778B07432A723F3200A96821 /* MilDictTests.swift */,
			);
			path = MilDictTests;
			sourceTree = "<group>";
		};
		778B074C2A723F3200A96821 /* MilDictUITests */ = {
			isa = PBXGroup;
			children = (
				778B074D2A723F3200A96821 /* MilDictUITests.swift */,
				778B074F2A723F3200A96821 /* MilDictUITestsLaunchTests.swift */,
			);
			path = MilDictUITests;
			sourceTree = "<group>";
		};
		77AA0A202A77A20A006D3946 /* Data */ = {
			isa = PBXGroup;
			children = (
				77AA0A212A77A219006D3946 /* terms.json */,
				776A79642A7A516F001F268B /* abbreviation.json */,
			);
			path = Data;
			sourceTree = "<group>";
		};
		77AA0A232A77A29F006D3946 /* Model */ = {
			isa = PBXGroup;
			children = (
				776A79662A7A5344001F268B /* AbbreviationModel.swift */,
				77AA0A242A77A2CB006D3946 /* TermsModel.swift */,
				77AA0A262A77A3CC006D3946 /* ReadWords.swift */,
			);
			path = Model;
			sourceTree = "<group>";
		};
		77AA0A282A77D5A4006D3946 /* Helpers */ = {
			isa = PBXGroup;
			children = (
				77AA0A292A77D5D0006D3946 /* extensions.swift */,
			);
			path = Helpers;
			sourceTree = "<group>";
		};
		77AA0A2E2A7A382E006D3946 /* Views */ = {
			isa = PBXGroup;
			children = (
				778B07342A723F3100A96821 /* ContentView.swift */,
				77AA0A352A7A3C40006D3946 /* Terminology */,
				77AA0A362A7A3C60006D3946 /* Abbreviation */,
			);
			path = Views;
			sourceTree = "<group>";
		};
		77AA0A352A7A3C40006D3946 /* Terminology */ = {
			isa = PBXGroup;
			children = (
				77AA0A312A7A3ACF006D3946 /* TerminologyTabView.swift */,
				77AA0A2F2A7A38B6006D3946 /* TermView.swift */,
				77AA0A2B2A793298006D3946 /* TermDetailView.swift */,
				776A79622A7A460F001F268B /* TermsList.swift */,
			);
			path = Terminology;
			sourceTree = "<group>";
		};
		77AA0A362A7A3C60006D3946 /* Abbreviation */ = {
			isa = PBXGroup;
			children = (
				77AA0A332A7A3B9D006D3946 /* AbbreviationTabView.swift */,
			);
			path = Abbreviation;
			sourceTree = "<group>";
		};
/* End PBXGroup section */

/* Begin PBXNativeTarget section */
		778B072E2A723F3100A96821 /* MilDict */ = {
			isa = PBXNativeTarget;
			buildConfigurationList = 778B07532A723F3200A96821 /* Build configuration list for PBXNativeTarget "MilDict" */;
			buildPhases = (
				778B072B2A723F3100A96821 /* Sources */,
				778B072C2A723F3100A96821 /* Frameworks */,
				778B072D2A723F3100A96821 /* Resources */,
			);
			buildRules = (
			);
			dependencies = (
			);
			name = MilDict;
			productName = MilDict;
			productReference = 778B072F2A723F3100A96821 /* MilDict.app */;
			productType = "com.apple.product-type.application";
		};
		778B073E2A723F3200A96821 /* MilDictTests */ = {
			isa = PBXNativeTarget;
			buildConfigurationList = 778B07562A723F3200A96821 /* Build configuration list for PBXNativeTarget "MilDictTests" */;
			buildPhases = (
				778B073B2A723F3200A96821 /* Sources */,
				778B073C2A723F3200A96821 /* Frameworks */,
				778B073D2A723F3200A96821 /* Resources */,
			);
			buildRules = (
			);
			dependencies = (
				778B07412A723F3200A96821 /* PBXTargetDependency */,
			);
			name = MilDictTests;
			productName = MilDictTests;
			productReference = 778B073F2A723F3200A96821 /* MilDictTests.xctest */;
			productType = "com.apple.product-type.bundle.unit-test";
		};
		778B07482A723F3200A96821 /* MilDictUITests */ = {
			isa = PBXNativeTarget;
			buildConfigurationList = 778B07592A723F3200A96821 /* Build configuration list for PBXNativeTarget "MilDictUITests" */;
			buildPhases = (
				778B07452A723F3200A96821 /* Sources */,
				778B07462A723F3200A96821 /* Frameworks */,
				778B07472A723F3200A96821 /* Resources */,
			);
			buildRules = (
			);
			dependencies = (
				778B074B2A723F3200A96821 /* PBXTargetDependency */,
			);
			name = MilDictUITests;
			productName = MilDictUITests;
			productReference = 778B07492A723F3200A96821 /* MilDictUITests.xctest */;
			productType = "com.apple.product-type.bundle.ui-testing";
		};
/* End PBXNativeTarget section */

/* Begin PBXProject section */
		778B07272A723F3100A96821 /* Project object */ = {
			isa = PBXProject;
			attributes = {
				BuildIndependentTargetsInParallel = 1;
				LastSwiftUpdateCheck = 1430;
				LastUpgradeCheck = 1430;
				TargetAttributes = {
					778B072E2A723F3100A96821 = {
						CreatedOnToolsVersion = 14.3;
					};
					778B073E2A723F3200A96821 = {
						CreatedOnToolsVersion = 14.3;
						TestTargetID = 778B072E2A723F3100A96821;
					};
					778B07482A723F3200A96821 = {
						CreatedOnToolsVersion = 14.3;
						TestTargetID = 778B072E2A723F3100A96821;
					};
				};
			};
			buildConfigurationList = 778B072A2A723F3100A96821 /* Build configuration list for PBXProject "MilDict" */;
			compatibilityVersion = "Xcode 14.0";
			developmentRegion = en;
			hasScannedForEncodings = 0;
			knownRegions = (
				en,
				Base,
			);
			mainGroup = 778B07262A723F3100A96821;
			productRefGroup = 778B07302A723F3100A96821 /* Products */;
			projectDirPath = "";
			projectRoot = "";
			targets = (
				778B072E2A723F3100A96821 /* MilDict */,
				778B073E2A723F3200A96821 /* MilDictTests */,
				778B07482A723F3200A96821 /* MilDictUITests */,
			);
		};
/* End PBXProject section */

/* Begin PBXResourcesBuildPhase section */
		778B072D2A723F3100A96821 /* Resources */ = {
			isa = PBXResourcesBuildPhase;
			buildActionMask = 2147483647;
			files = (
				77AA0A222A77A219006D3946 /* terms.json in Resources */,
				778B073A2A723F3200A96821 /* Preview Assets.xcassets in Resources */,
				778B07372A723F3200A96821 /* Assets.xcassets in Resources */,
				776A79652A7A516F001F268B /* abbreviation.json in Resources */,
			);
			runOnlyForDeploymentPostprocessing = 0;
		};
		778B073D2A723F3200A96821 /* Resources */ = {
			isa = PBXResourcesBuildPhase;
			buildActionMask = 2147483647;
			files = (
			);
			runOnlyForDeploymentPostprocessing = 0;
		};
		778B07472A723F3200A96821 /* Resources */ = {
			isa = PBXResourcesBuildPhase;
			buildActionMask = 2147483647;
			files = (
			);
			runOnlyForDeploymentPostprocessing = 0;
		};
/* End PBXResourcesBuildPhase section */

/* Begin PBXSourcesBuildPhase section */
		778B072B2A723F3100A96821 /* Sources */ = {
			isa = PBXSourcesBuildPhase;
			buildActionMask = 2147483647;
			files = (
				77AA0A2C2A793298006D3946 /* TermDetailView.swift in Sources */,
				776A79632A7A460F001F268B /* TermsList.swift in Sources */,
				77AA0A2A2A77D5D0006D3946 /* extensions.swift in Sources */,
				778B07352A723F3100A96821 /* ContentView.swift in Sources */,
				77AA0A342A7A3B9D006D3946 /* AbbreviationTabView.swift in Sources */,
				77AA0A302A7A38B6006D3946 /* TermView.swift in Sources */,
				77AA0A272A77A3CC006D3946 /* ReadWords.swift in Sources */,
				77AA0A252A77A2CB006D3946 /* TermsModel.swift in Sources */,
				776A79672A7A5344001F268B /* AbbreviationModel.swift in Sources */,
				77AA0A322A7A3ACF006D3946 /* TerminologyTabView.swift in Sources */,
				778B07332A723F3100A96821 /* MilDictApp.swift in Sources */,
			);
			runOnlyForDeploymentPostprocessing = 0;
		};
		778B073B2A723F3200A96821 /* Sources */ = {
			isa = PBXSourcesBuildPhase;
			buildActionMask = 2147483647;
			files = (
				778B07442A723F3200A96821 /* MilDictTests.swift in Sources */,
			);
			runOnlyForDeploymentPostprocessing = 0;
		};
		778B07452A723F3200A96821 /* Sources */ = {
			isa = PBXSourcesBuildPhase;
			buildActionMask = 2147483647;
			files = (
				778B074E2A723F3200A96821 /* MilDictUITests.swift in Sources */,
				778B07502A723F3200A96821 /* MilDictUITestsLaunchTests.swift in Sources */,
			);
			runOnlyForDeploymentPostprocessing = 0;
		};
/* End PBXSourcesBuildPhase section */

/* Begin PBXTargetDependency section */
		778B07412A723F3200A96821 /* PBXTargetDependency */ = {
			isa = PBXTargetDependency;
			target = 778B072E2A723F3100A96821 /* MilDict */;
			targetProxy = 778B07402A723F3200A96821 /* PBXContainerItemProxy */;
		};
		778B074B2A723F3200A96821 /* PBXTargetDependency */ = {
			isa = PBXTargetDependency;
			target = 778B072E2A723F3100A96821 /* MilDict */;
			targetProxy = 778B074A2A723F3200A96821 /* PBXContainerItemProxy */;
		};
/* End PBXTargetDependency section */

/* Begin XCBuildConfiguration section */
		778B07512A723F3200A96821 /* Debug */ = {
			isa = XCBuildConfiguration;
			buildSettings = {
				ALWAYS_SEARCH_USER_PATHS = NO;
				CLANG_ANALYZER_NONNULL = YES;
				CLANG_ANALYZER_NUMBER_OBJECT_CONVERSION = YES_AGGRESSIVE;
				CLANG_CXX_LANGUAGE_STANDARD = "gnu++20";
				CLANG_ENABLE_MODULES = YES;
				CLANG_ENABLE_OBJC_ARC = YES;
				CLANG_ENABLE_OBJC_WEAK = YES;
				CLANG_WARN_BLOCK_CAPTURE_AUTORELEASING = YES;
				CLANG_WARN_BOOL_CONVERSION = YES;
				CLANG_WARN_COMMA = YES;
				CLANG_WARN_CONSTANT_CONVERSION = YES;
				CLANG_WARN_DEPRECATED_OBJC_IMPLEMENTATIONS = YES;
				CLANG_WARN_DIRECT_OBJC_ISA_USAGE = YES_ERROR;
				CLANG_WARN_DOCUMENTATION_COMMENTS = YES;
				CLANG_WARN_EMPTY_BODY = YES;
				CLANG_WARN_ENUM_CONVERSION = YES;
				CLANG_WARN_INFINITE_RECURSION = YES;
				CLANG_WARN_INT_CONVERSION = YES;
				CLANG_WARN_NON_LITERAL_NULL_CONVERSION = YES;
				CLANG_WARN_OBJC_IMPLICIT_RETAIN_SELF = YES;
				CLANG_WARN_OBJC_LITERAL_CONVERSION = YES;
				CLANG_WARN_OBJC_ROOT_CLASS = YES_ERROR;
				CLANG_WARN_QUOTED_INCLUDE_IN_FRAMEWORK_HEADER = YES;
				CLANG_WARN_RANGE_LOOP_ANALYSIS = YES;
				CLANG_WARN_STRICT_PROTOTYPES = YES;
				CLANG_WARN_SUSPICIOUS_MOVE = YES;
				CLANG_WARN_UNGUARDED_AVAILABILITY = YES_AGGRESSIVE;
				CLANG_WARN_UNREACHABLE_CODE = YES;
				CLANG_WARN__DUPLICATE_METHOD_MATCH = YES;
				COPY_PHASE_STRIP = NO;
				DEBUG_INFORMATION_FORMAT = dwarf;
				ENABLE_STRICT_OBJC_MSGSEND = YES;
				ENABLE_TESTABILITY = YES;
				GCC_C_LANGUAGE_STANDARD = gnu11;
				GCC_DYNAMIC_NO_PIC = NO;
				GCC_NO_COMMON_BLOCKS = YES;
				GCC_OPTIMIZATION_LEVEL = 0;
				GCC_PREPROCESSOR_DEFINITIONS = (
					"DEBUG=1",
					"$(inherited)",
				);
				GCC_WARN_64_TO_32_BIT_CONVERSION = YES;
				GCC_WARN_ABOUT_RETURN_TYPE = YES_ERROR;
				GCC_WARN_UNDECLARED_SELECTOR = YES;
				GCC_WARN_UNINITIALIZED_AUTOS = YES_AGGRESSIVE;
				GCC_WARN_UNUSED_FUNCTION = YES;
				GCC_WARN_UNUSED_VARIABLE = YES;
				IPHONEOS_DEPLOYMENT_TARGET = 16.4;
				MTL_ENABLE_DEBUG_INFO = INCLUDE_SOURCE;
				MTL_FAST_MATH = YES;
				ONLY_ACTIVE_ARCH = YES;
				SDKROOT = iphoneos;
				SWIFT_ACTIVE_COMPILATION_CONDITIONS = DEBUG;
				SWIFT_OPTIMIZATION_LEVEL = "-Onone";
			};
			name = Debug;
		};
		778B07522A723F3200A96821 /* Release */ = {
			isa = XCBuildConfiguration;
			buildSettings = {
				ALWAYS_SEARCH_USER_PATHS = NO;
				CLANG_ANALYZER_NONNULL = YES;
				CLANG_ANALYZER_NUMBER_OBJECT_CONVERSION = YES_AGGRESSIVE;
				CLANG_CXX_LANGUAGE_STANDARD = "gnu++20";
				CLANG_ENABLE_MODULES = YES;
				CLANG_ENABLE_OBJC_ARC = YES;
				CLANG_ENABLE_OBJC_WEAK = YES;
				CLANG_WARN_BLOCK_CAPTURE_AUTORELEASING = YES;
				CLANG_WARN_BOOL_CONVERSION = YES;
				CLANG_WARN_COMMA = YES;
				CLANG_WARN_CONSTANT_CONVERSION = YES;
				CLANG_WARN_DEPRECATED_OBJC_IMPLEMENTATIONS = YES;
				CLANG_WARN_DIRECT_OBJC_ISA_USAGE = YES_ERROR;
				CLANG_WARN_DOCUMENTATION_COMMENTS = YES;
				CLANG_WARN_EMPTY_BODY = YES;
				CLANG_WARN_ENUM_CONVERSION = YES;
				CLANG_WARN_INFINITE_RECURSION = YES;
				CLANG_WARN_INT_CONVERSION = YES;
				CLANG_WARN_NON_LITERAL_NULL_CONVERSION = YES;
				CLANG_WARN_OBJC_IMPLICIT_RETAIN_SELF = YES;
				CLANG_WARN_OBJC_LITERAL_CONVERSION = YES;
				CLANG_WARN_OBJC_ROOT_CLASS = YES_ERROR;
				CLANG_WARN_QUOTED_INCLUDE_IN_FRAMEWORK_HEADER = YES;
				CLANG_WARN_RANGE_LOOP_ANALYSIS = YES;
				CLANG_WARN_STRICT_PROTOTYPES = YES;
				CLANG_WARN_SUSPICIOUS_MOVE = YES;
				CLANG_WARN_UNGUARDED_AVAILABILITY = YES_AGGRESSIVE;
				CLANG_WARN_UNREACHABLE_CODE = YES;
				CLANG_WARN__DUPLICATE_METHOD_MATCH = YES;
				COPY_PHASE_STRIP = NO;
				DEBUG_INFORMATION_FORMAT = "dwarf-with-dsym";
				ENABLE_NS_ASSERTIONS = NO;
				ENABLE_STRICT_OBJC_MSGSEND = YES;
				GCC_C_LANGUAGE_STANDARD = gnu11;
				GCC_NO_COMMON_BLOCKS = YES;
				GCC_WARN_64_TO_32_BIT_CONVERSION = YES;
				GCC_WARN_ABOUT_RETURN_TYPE = YES_ERROR;
				GCC_WARN_UNDECLARED_SELECTOR = YES;
				GCC_WARN_UNINITIALIZED_AUTOS = YES_AGGRESSIVE;
				GCC_WARN_UNUSED_FUNCTION = YES;
				GCC_WARN_UNUSED_VARIABLE = YES;
				IPHONEOS_DEPLOYMENT_TARGET = 16.4;
				MTL_ENABLE_DEBUG_INFO = NO;
				MTL_FAST_MATH = YES;
				SDKROOT = iphoneos;
				SWIFT_COMPILATION_MODE = wholemodule;
				SWIFT_OPTIMIZATION_LEVEL = "-O";
				VALIDATE_PRODUCT = YES;
			};
			name = Release;
		};
		778B07542A723F3200A96821 /* Debug */ = {
			isa = XCBuildConfiguration;
			buildSettings = {
				ASSETCATALOG_COMPILER_APPICON_NAME = AppIcon;
				ASSETCATALOG_COMPILER_GLOBAL_ACCENT_COLOR_NAME = AccentColor;
				CODE_SIGN_STYLE = Automatic;
				CURRENT_PROJECT_VERSION = 1;
				DEVELOPMENT_ASSET_PATHS = "\"MilDict/Preview Content\"";
				DEVELOPMENT_TEAM = YPW86A9DJB;
				ENABLE_PREVIEWS = YES;
				GENERATE_INFOPLIST_FILE = YES;
				INFOPLIST_KEY_UIApplicationSceneManifest_Generation = YES;
				INFOPLIST_KEY_UIApplicationSupportsIndirectInputEvents = YES;
				INFOPLIST_KEY_UILaunchScreen_Generation = YES;
				INFOPLIST_KEY_UISupportedInterfaceOrientations_iPad = "UIInterfaceOrientationPortrait UIInterfaceOrientationPortraitUpsideDown UIInterfaceOrientationLandscapeLeft UIInterfaceOrientationLandscapeRight";
				INFOPLIST_KEY_UISupportedInterfaceOrientations_iPhone = "UIInterfaceOrientationPortrait UIInterfaceOrientationLandscapeLeft UIInterfaceOrientationLandscapeRight";
				LD_RUNPATH_SEARCH_PATHS = (
					"$(inherited)",
					"@executable_path/Frameworks",
				);
				MARKETING_VERSION = 1.0;
				PRODUCT_BUNDLE_IDENTIFIER = com.example.288.MilDict;
				PRODUCT_NAME = "$(TARGET_NAME)";
				SWIFT_EMIT_LOC_STRINGS = YES;
				SWIFT_VERSION = 5.0;
				TARGETED_DEVICE_FAMILY = "1,2";
			};
			name = Debug;
		};
		778B07552A723F3200A96821 /* Release */ = {
			isa = XCBuildConfiguration;
			buildSettings = {
				ASSETCATALOG_COMPILER_APPICON_NAME = AppIcon;
				ASSETCATALOG_COMPILER_GLOBAL_ACCENT_COLOR_NAME = AccentColor;
				CODE_SIGN_STYLE = Automatic;
				CURRENT_PROJECT_VERSION = 1;
				DEVELOPMENT_ASSET_PATHS = "\"MilDict/Preview Content\"";
				DEVELOPMENT_TEAM = YPW86A9DJB;
				ENABLE_PREVIEWS = YES;
				GENERATE_INFOPLIST_FILE = YES;
				INFOPLIST_KEY_UIApplicationSceneManifest_Generation = YES;
				INFOPLIST_KEY_UIApplicationSupportsIndirectInputEvents = YES;
				INFOPLIST_KEY_UILaunchScreen_Generation = YES;
				INFOPLIST_KEY_UISupportedInterfaceOrientations_iPad = "UIInterfaceOrientationPortrait UIInterfaceOrientationPortraitUpsideDown UIInterfaceOrientationLandscapeLeft UIInterfaceOrientationLandscapeRight";
				INFOPLIST_KEY_UISupportedInterfaceOrientations_iPhone = "UIInterfaceOrientationPortrait UIInterfaceOrientationLandscapeLeft UIInterfaceOrientationLandscapeRight";
				LD_RUNPATH_SEARCH_PATHS = (
					"$(inherited)",
					"@executable_path/Frameworks",
				);
				MARKETING_VERSION = 1.0;
				PRODUCT_BUNDLE_IDENTIFIER = com.example.288.MilDict;
				PRODUCT_NAME = "$(TARGET_NAME)";
				SWIFT_EMIT_LOC_STRINGS = YES;
				SWIFT_VERSION = 5.0;
				TARGETED_DEVICE_FAMILY = "1,2";
			};
			name = Release;
		};
		778B07572A723F3200A96821 /* Debug */ = {
			isa = XCBuildConfiguration;
			buildSettings = {
				ALWAYS_EMBED_SWIFT_STANDARD_LIBRARIES = YES;
				BUNDLE_LOADER = "$(TEST_HOST)";
				CODE_SIGN_STYLE = Automatic;
				CURRENT_PROJECT_VERSION = 1;
				DEVELOPMENT_TEAM = YPW86A9DJB;
				GENERATE_INFOPLIST_FILE = YES;
				IPHONEOS_DEPLOYMENT_TARGET = 16.4;
				MARKETING_VERSION = 1.0;
				PRODUCT_BUNDLE_IDENTIFIER = com.example.288.MilDictTests;
				PRODUCT_NAME = "$(TARGET_NAME)";
				SWIFT_EMIT_LOC_STRINGS = NO;
				SWIFT_VERSION = 5.0;
				TARGETED_DEVICE_FAMILY = "1,2";
				TEST_HOST = "$(BUILT_PRODUCTS_DIR)/MilDict.app/$(BUNDLE_EXECUTABLE_FOLDER_PATH)/MilDict";
			};
			name = Debug;
		};
		778B07582A723F3200A96821 /* Release */ = {
			isa = XCBuildConfiguration;
			buildSettings = {
				ALWAYS_EMBED_SWIFT_STANDARD_LIBRARIES = YES;
				BUNDLE_LOADER = "$(TEST_HOST)";
				CODE_SIGN_STYLE = Automatic;
				CURRENT_PROJECT_VERSION = 1;
				DEVELOPMENT_TEAM = YPW86A9DJB;
				GENERATE_INFOPLIST_FILE = YES;
				IPHONEOS_DEPLOYMENT_TARGET = 16.4;
				MARKETING_VERSION = 1.0;
				PRODUCT_BUNDLE_IDENTIFIER = com.example.288.MilDictTests;
				PRODUCT_NAME = "$(TARGET_NAME)";
				SWIFT_EMIT_LOC_STRINGS = NO;
				SWIFT_VERSION = 5.0;
				TARGETED_DEVICE_FAMILY = "1,2";
				TEST_HOST = "$(BUILT_PRODUCTS_DIR)/MilDict.app/$(BUNDLE_EXECUTABLE_FOLDER_PATH)/MilDict";
			};
			name = Release;
		};
		778B075A2A723F3200A96821 /* Debug */ = {
			isa = XCBuildConfiguration;
			buildSettings = {
				ALWAYS_EMBED_SWIFT_STANDARD_LIBRARIES = YES;
				CODE_SIGN_STYLE = Automatic;
				CURRENT_PROJECT_VERSION = 1;
				DEVELOPMENT_TEAM = YPW86A9DJB;
				GENERATE_INFOPLIST_FILE = YES;
				MARKETING_VERSION = 1.0;
				PRODUCT_BUNDLE_IDENTIFIER = com.example.288.MilDictUITests;
				PRODUCT_NAME = "$(TARGET_NAME)";
				SWIFT_EMIT_LOC_STRINGS = NO;
				SWIFT_VERSION = 5.0;
				TARGETED_DEVICE_FAMILY = "1,2";
				TEST_TARGET_NAME = MilDict;
			};
			name = Debug;
		};
		778B075B2A723F3200A96821 /* Release */ = {
			isa = XCBuildConfiguration;
			buildSettings = {
				ALWAYS_EMBED_SWIFT_STANDARD_LIBRARIES = YES;
				CODE_SIGN_STYLE = Automatic;
				CURRENT_PROJECT_VERSION = 1;
				DEVELOPMENT_TEAM = YPW86A9DJB;
				GENERATE_INFOPLIST_FILE = YES;
				MARKETING_VERSION = 1.0;
				PRODUCT_BUNDLE_IDENTIFIER = com.example.288.MilDictUITests;
				PRODUCT_NAME = "$(TARGET_NAME)";
				SWIFT_EMIT_LOC_STRINGS = NO;
				SWIFT_VERSION = 5.0;
				TARGETED_DEVICE_FAMILY = "1,2";
				TEST_TARGET_NAME = MilDict;
			};
			name = Release;
		};
/* End XCBuildConfiguration section */

/* Begin XCConfigurationList section */
		778B072A2A723F3100A96821 /* Build configuration list for PBXProject "MilDict" */ = {
			isa = XCConfigurationList;
			buildConfigurations = (
				778B07512A723F3200A96821 /* Debug */,
				778B07522A723F3200A96821 /* Release */,
			);
			defaultConfigurationIsVisible = 0;
			defaultConfigurationName = Release;
		};
		778B07532A723F3200A96821 /* Build configuration list for PBXNativeTarget "MilDict" */ = {
			isa = XCConfigurationList;
			buildConfigurations = (
				778B07542A723F3200A96821 /* Debug */,
				778B07552A723F3200A96821 /* Release */,
			);
			defaultConfigurationIsVisible = 0;
			defaultConfigurationName = Release;
		};
		778B07562A723F3200A96821 /* Build configuration list for PBXNativeTarget "MilDictTests" */ = {
			isa = XCConfigurationList;
			buildConfigurations = (
				778B07572A723F3200A96821 /* Debug */,
				778B07582A723F3200A96821 /* Release */,
			);
			defaultConfigurationIsVisible = 0;
			defaultConfigurationName = Release;
		};
		778B07592A723F3200A96821 /* Build configuration list for PBXNativeTarget "MilDictUITests" */ = {
			isa = XCConfigurationList;
			buildConfigurations = (
				778B075A2A723F3200A96821 /* Debug */,
				778B075B2A723F3200A96821 /* Release */,
			);
			defaultConfigurationIsVisible = 0;
			defaultConfigurationName = Release;
		};
/* End XCConfigurationList section */
	};
	rootObject = 778B07272A723F3100A96821 /* Project object */;
}
